
Microsoft Visual Studio Solution File, Format Version 12.00
# Visual Studio Version 17
VisualStudioVersion = 17.9.34701.34
MinimumVisualStudioVersion = 10.0.40219.1
Project("{FAE04EC0-301F-11D3-BF4B-00C04F79EFBC}") = "Zworld2", "Zworld2\Zworld2.csproj", "{28C981EA-3CB0-4AA2-9491-E0983A618060}"
EndProject
Global
	GlobalSection(SolutionConfigurationPlatforms) = preSolution
		Debug|Any CPU = Debug|Any CPU
		Release|Any CPU = Release|Any CPU
	EndGlobalSection
	GlobalSection(ProjectConfigurationPlatforms) = postSolution
		{28C981EA-3CB0-4AA2-9491-E0983A618060}.Debug|Any CPU.ActiveCfg = Debug|Any CPU
		{28C981EA-3CB0-4AA2-9491-E0983A618060}.Debug|Any CPU.Build.0 = Debug|Any CPU
		{28C981EA-3CB0-4AA2-9491-E0983A618060}.Release|Any CPU.ActiveCfg = Release|Any CPU
		{28C981EA-3CB0-4AA2-9491-E0983A618060}.Release|Any CPU.Build.0 = Release|Any CPU
	EndGlobalSection
	GlobalSection(SolutionProperties) = preSolution
		HideSolutionNode = FALSE
	EndGlobalSection
	GlobalSection(ExtensibilityGlobals) = postSolution
		SolutionGuid = {07B45BC3-4899-42BA-B8CF-590F7325B371}
	EndGlobalSection
EndGlobal
